
Microsoft Visual Studio Solution File, Format Version 12.00
# Visual Studio Version 16
VisualStudioVersion = 16.0.31112.23
MinimumVisualStudioVersion = 10.0.40219.1
Project("{8BC9CEB8-8B4A-11D0-8D11-00A0C91BC942}") = "CppClassDll", "CppClassDll\CppClassDll.vcxproj", "{C52EC77C-B8C6-42D3-824D-3C602DCB12C7}"
EndProject
Global
	GlobalSection(SolutionConfigurationPlatforms) = preSolution
		Debug|x64 = Debug|x64
		Debug|x86 = Debug|x86
		Release|x64 = Release|x64
		Release|x86 = Release|x86
	EndGlobalSection
	GlobalSection(ProjectConfigurationPlatforms) = postSolution
		{C52EC77C-B8C6-42D3-824D-3C602DCB12C7}.Debug|x64.ActiveCfg = Debug|x64
		{C52EC77C-B8C6-42D3-824D-3C602DCB12C7}.Debug|x64.Build.0 = Debug|x64
		{C52EC77C-B8C6-42D3-824D-3C602DCB12C7}.Debug|x86.ActiveCfg = Debug|Win32
		{C52EC77C-B8C6-42D3-824D-3C602DCB12C7}.Debug|x86.Build.0 = Debug|Win32
		{C52EC77C-B8C6-42D3-824D-3C602DCB12C7}.Release|x64.ActiveCfg = Release|x64
		{C52EC77C-B8C6-42D3-824D-3C602DCB12C7}.Release|x64.Build.0 = Release|x64
		{C52EC77C-B8C6-42D3-824D-3C602DCB12C7}.Release|x86.ActiveCfg = Release|Win32
		{C52EC77C-B8C6-42D3-824D-3C602DCB12C7}.Release|x86.Build.0 = Release|Win32
	EndGlobalSection
	GlobalSection(SolutionProperties) = preSolution
		HideSolutionNode = FALSE
	EndGlobalSection
	GlobalSection(ExtensibilityGlobals) = postSolution
		SolutionGuid = {13A1FB49-E5C5-4CB0-8AD4-6A15CBAA8992}
	EndGlobalSection
EndGlobal
